// !$*UTF8*$!
{
	archiveVersion = 1;
	classes = {
	};
	objectVersion = 56;
	objects = {

/* Begin PBXBuildFile section */
		AF10786F296FF9D000F5D63F /* Weather_AppApp.swift in Sources */ = {isa = PBXBuildFile; fileRef = AF10786E296FF9D000F5D63F /* Weather_AppApp.swift */; };
		AF107871296FF9D000F5D63F /* ContentView.swift in Sources */ = {isa = PBXBuildFile; fileRef = AF107870296FF9D000F5D63F /* ContentView.swift */; };
		AF107873296FF9D200F5D63F /* Assets.xcassets in Resources */ = {isa = PBXBuildFile; fileRef = AF107872296FF9D200F5D63F /* Assets.xcassets */; };
		AF107876296FF9D200F5D63F /* Preview Assets.xcassets in Resources */ = {isa = PBXBuildFile; fileRef = AF107875296FF9D200F5D63F /* Preview Assets.xcassets */; };
		AF107880296FF9D200F5D63F /* Weather_AppTests.swift in Sources */ = {isa = PBXBuildFile; fileRef = AF10787F296FF9D200F5D63F /* Weather_AppTests.swift */; };
		AF10788A296FF9D200F5D63F /* Weather_AppUITests.swift in Sources */ = {isa = PBXBuildFile; fileRef = AF107889296FF9D200F5D63F /* Weather_AppUITests.swift */; };
		AF10788C296FF9D200F5D63F /* Weather_AppUITestsLaunchTests.swift in Sources */ = {isa = PBXBuildFile; fileRef = AF10788B296FF9D200F5D63F /* Weather_AppUITestsLaunchTests.swift */; };
/* End PBXBuildFile section */

/* Begin PBXContainerItemProxy section */
		AF10787C296FF9D200F5D63F /* PBXContainerItemProxy */ = {
			isa = PBXContainerItemProxy;
			containerPortal = AF107863296FF9D000F5D63F /* Project object */;
			proxyType = 1;
			remoteGlobalIDString = AF10786A296FF9D000F5D63F;
			remoteInfo = "Weather-App";
		};
		AF107886296FF9D200F5D63F /* PBXContainerItemProxy */ = {
			isa = PBXContainerItemProxy;
			containerPortal = AF107863296FF9D000F5D63F /* Project object */;
			proxyType = 1;
			remoteGlobalIDString = AF10786A296FF9D000F5D63F;
			remoteInfo = "Weather-App";
		};
/* End PBXContainerItemProxy section */

/* Begin PBXFileReference section */
		AF10786B296FF9D000F5D63F /* Weather-App.app */ = {isa = PBXFileReference; explicitFileType = wrapper.application; includeInIndex = 0; path = "Weather-App.app"; sourceTree = BUILT_PRODUCTS_DIR; };
		AF10786E296FF9D000F5D63F /* Weather_AppApp.swift */ = {isa = PBXFileReference; lastKnownFileType = sourcecode.swift; path = Weather_AppApp.swift; sourceTree = "<group>"; };
		AF107870296FF9D000F5D63F /* ContentView.swift */ = {isa = PBXFileReference; lastKnownFileType = sourcecode.swift; path = ContentView.swift; sourceTree = "<group>"; };
		AF107872296FF9D200F5D63F /* Assets.xcassets */ = {isa = PBXFileReference; lastKnownFileType = folder.assetcatalog; path = Assets.xcassets; sourceTree = "<group>"; };
		AF107875296FF9D200F5D63F /* Preview Assets.xcassets */ = {isa = PBXFileReference; lastKnownFileType = folder.assetcatalog; path = "Preview Assets.xcassets"; sourceTree = "<group>"; };
		AF10787B296FF9D200F5D63F /* Weather-AppTests.xctest */ = {isa = PBXFileReference; explicitFileType = wrapper.cfbundle; includeInIndex = 0; path = "Weather-AppTests.xctest"; sourceTree = BUILT_PRODUCTS_DIR; };
		AF10787F296FF9D200F5D63F /* Weather_AppTests.swift */ = {isa = PBXFileReference; lastKnownFileType = sourcecode.swift; path = Weather_AppTests.swift; sourceTree = "<group>"; };
		AF107885296FF9D200F5D63F /* Weather-AppUITests.xctest */ = {isa = PBXFileReference; explicitFileType = wrapper.cfbundle; includeInIndex = 0; path = "Weather-AppUITests.xctest"; sourceTree = BUILT_PRODUCTS_DIR; };
		AF107889296FF9D200F5D63F /* Weather_AppUITests.swift */ = {isa = PBXFileReference; lastKnownFileType = sourcecode.swift; path = Weather_AppUITests.swift; sourceTree = "<group>"; };
		AF10788B296FF9D200F5D63F /* Weather_AppUITestsLaunchTests.swift */ = {isa = PBXFileReference; lastKnownFileType = sourcecode.swift; path = Weather_AppUITestsLaunchTests.swift; sourceTree = "<group>"; };
/* End PBXFileReference section */

/* Begin PBXFrameworksBuildPhase section */
		AF107868296FF9D000F5D63F /* Frameworks */ = {
			isa = PBXFrameworksBuildPhase;
			buildActionMask = 2147483647;
			files = (
			);
			runOnlyForDeploymentPostprocessing = 0;
		};
		AF107878296FF9D200F5D63F /* Frameworks */ = {
			isa = PBXFrameworksBuildPhase;
			buildActionMask = 2147483647;
			files = (
			);
			runOnlyForDeploymentPostprocessing = 0;
		};
		AF107882296FF9D200F5D63F /* Frameworks */ = {
			isa = PBXFrameworksBuildPhase;
			buildActionMask = 2147483647;
			files = (
			);
			runOnlyForDeploymentPostprocessing = 0;
		};
/* End PBXFrameworksBuildPhase section */

/* Begin PBXGroup section */
		AF107862296FF9D000F5D63F = {
			isa = PBXGroup;
			children = (
				AF10786D296FF9D000F5D63F /* Weather-App */,
				AF10787E296FF9D200F5D63F /* Weather-AppTests */,
				AF107888296FF9D200F5D63F /* Weather-AppUITests */,
				AF10786C296FF9D000F5D63F /* Products */,
			);
			sourceTree = "<group>";
		};
		AF10786C296FF9D000F5D63F /* Products */ = {
			isa = PBXGroup;
			children = (
				AF10786B296FF9D000F5D63F /* Weather-App.app */,
				AF10787B296FF9D200F5D63F /* Weather-AppTests.xctest */,
				AF107885296FF9D200F5D63F /* Weather-AppUITests.xctest */,
			);
			name = Products;
			sourceTree = "<group>";
		};
		AF10786D296FF9D000F5D63F /* Weather-App */ = {
			isa = PBXGroup;
			children = (
				AF10786E296FF9D000F5D63F /* Weather_AppApp.swift */,
				AF107870296FF9D000F5D63F /* ContentView.swift */,
				AF107872296FF9D200F5D63F /* Assets.xcassets */,
				AF107874296FF9D200F5D63F /* Preview Content */,
			);
			path = "Weather-App";
			sourceTree = "<group>";
		};
		AF107874296FF9D200F5D63F /* Preview Content */ = {
			isa = PBXGroup;
			children = (
				AF107875296FF9D200F5D63F /* Preview Assets.xcassets */,
			);
			path = "Preview Content";
			sourceTree = "<group>";
		};
		AF10787E296FF9D200F5D63F /* Weather-AppTests */ = {
			isa = PBXGroup;
			children = (
				AF10787F296FF9D200F5D63F /* Weather_AppTests.swift */,
			);
			path = "Weather-AppTests";
			sourceTree = "<group>";
		};
		AF107888296FF9D200F5D63F /* Weather-AppUITests */ = {
			isa = PBXGroup;
			children = (
				AF107889296FF9D200F5D63F /* Weather_AppUITests.swift */,
				AF10788B296FF9D200F5D63F /* Weather_AppUITestsLaunchTests.swift */,
			);
			path = "Weather-AppUITests";
			sourceTree = "<group>";
		};
/* End PBXGroup section */

/* Begin PBXNativeTarget section */
		AF10786A296FF9D000F5D63F /* Weather-App */ = {
			isa = PBXNativeTarget;
			buildConfigurationList = AF10788F296FF9D200F5D63F /* Build configuration list for PBXNativeTarget "Weather-App" */;
			buildPhases = (
				AF107867296FF9D000F5D63F /* Sources */,
				AF107868296FF9D000F5D63F /* Frameworks */,
				AF107869296FF9D000F5D63F /* Resources */,
			);
			buildRules = (
			);
			dependencies = (
			);
			name = "Weather-App";
			productName = "Weather-App";
			productReference = AF10786B296FF9D000F5D63F /* Weather-App.app */;
			productType = "com.apple.product-type.application";
		};
		AF10787A296FF9D200F5D63F /* Weather-AppTests */ = {
			isa = PBXNativeTarget;
			buildConfigurationList = AF107892296FF9D200F5D63F /* Build configuration list for PBXNativeTarget "Weather-AppTests" */;
			buildPhases = (
				AF107877296FF9D200F5D63F /* Sources */,
				AF107878296FF9D200F5D63F /* Frameworks */,
				AF107879296FF9D200F5D63F /* Resources */,
			);
			buildRules = (
			);
			dependencies = (
				AF10787D296FF9D200F5D63F /* PBXTargetDependency */,
			);
			name = "Weather-AppTests";
			productName = "Weather-AppTests";
			productReference = AF10787B296FF9D200F5D63F /* Weather-AppTests.xctest */;
			productType = "com.apple.product-type.bundle.unit-test";
		};
		AF107884296FF9D200F5D63F /* Weather-AppUITests */ = {
			isa = PBXNativeTarget;
			buildConfigurationList = AF107895296FF9D200F5D63F /* Build configuration list for PBXNativeTarget "Weather-AppUITests" */;
			buildPhases = (
				AF107881296FF9D200F5D63F /* Sources */,
				AF107882296FF9D200F5D63F /* Frameworks */,
				AF107883296FF9D200F5D63F /* Resources */,
			);
			buildRules = (
			);
			dependencies = (
				AF107887296FF9D200F5D63F /* PBXTargetDependency */,
			);
			name = "Weather-AppUITests";
			productName = "Weather-AppUITests";
			productReference = AF107885296FF9D200F5D63F /* Weather-AppUITests.xctest */;
			productType = "com.apple.product-type.bundle.ui-testing";
		};
/* End PBXNativeTarget section */

/* Begin PBXProject section */
		AF107863296FF9D000F5D63F /* Project object */ = {
			isa = PBXProject;
			attributes = {
				BuildIndependentTargetsInParallel = 1;
				LastSwiftUpdateCheck = 1420;
				LastUpgradeCheck = 1420;
				TargetAttributes = {
					AF10786A296FF9D000F5D63F = {
						CreatedOnToolsVersion = 14.2;
					};
					AF10787A296FF9D200F5D63F = {
						CreatedOnToolsVersion = 14.2;
						TestTargetID = AF10786A296FF9D000F5D63F;
					};
					AF107884296FF9D200F5D63F = {
						CreatedOnToolsVersion = 14.2;
						TestTargetID = AF10786A296FF9D000F5D63F;
					};
				};
			};
			buildConfigurationList = AF107866296FF9D000F5D63F /* Build configuration list for PBXProject "Weather-App" */;
			compatibilityVersion = "Xcode 14.0";
			developmentRegion = en;
			hasScannedForEncodings = 0;
			knownRegions = (
				en,
				Base,
			);
			mainGroup = AF107862296FF9D000F5D63F;
			productRefGroup = AF10786C296FF9D000F5D63F /* Products */;
			projectDirPath = "";
			projectRoot = "";
			targets = (
				AF10786A296FF9D000F5D63F /* Weather-App */,
				AF10787A296FF9D200F5D63F /* Weather-AppTests */,
				AF107884296FF9D200F5D63F /* Weather-AppUITests */,
			);
		};
/* End PBXProject section */

/* Begin PBXResourcesBuildPhase section */
		AF107869296FF9D000F5D63F /* Resources */ = {
			isa = PBXResourcesBuildPhase;
			buildActionMask = 2147483647;
			files = (
				AF107876296FF9D200F5D63F /* Preview Assets.xcassets in Resources */,
				AF107873296FF9D200F5D63F /* Assets.xcassets in Resources */,
			);
			runOnlyForDeploymentPostprocessing = 0;
		};
		AF107879296FF9D200F5D63F /* Resources */ = {
			isa = PBXResourcesBuildPhase;
			buildActionMask = 2147483647;
			files = (
			);
			runOnlyForDeploymentPostprocessing = 0;
		};
		AF107883296FF9D200F5D63F /* Resources */ = {
			isa = PBXResourcesBuildPhase;
			buildActionMask = 2147483647;
			files = (
			);
			runOnlyForDeploymentPostprocessing = 0;
		};
/* End PBXResourcesBuildPhase section */

/* Begin PBXSourcesBuildPhase section */
		AF107867296FF9D000F5D63F /* Sources */ = {
			isa = PBXSourcesBuildPhase;
			buildActionMask = 2147483647;
			files = (
				AF107871296FF9D000F5D63F /* ContentView.swift in Sources */,
				AF10786F296FF9D000F5D63F /* Weather_AppApp.swift in Sources */,
			);
			runOnlyForDeploymentPostprocessing = 0;
		};
		AF107877296FF9D200F5D63F /* Sources */ = {
			isa = PBXSourcesBuildPhase;
			buildActionMask = 2147483647;
			files = (
				AF107880296FF9D200F5D63F /* Weather_AppTests.swift in Sources */,
			);
			runOnlyForDeploymentPostprocessing = 0;
		};
		AF107881296FF9D200F5D63F /* Sources */ = {
			isa = PBXSourcesBuildPhase;
			buildActionMask = 2147483647;
			files = (
				AF10788A296FF9D200F5D63F /* Weather_AppUITests.swift in Sources */,
				AF10788C296FF9D200F5D63F /* Weather_AppUITestsLaunchTests.swift in Sources */,
			);
			runOnlyForDeploymentPostprocessing = 0;
		};
/* End PBXSourcesBuildPhase section */

/* Begin PBXTargetDependency section */
		AF10787D296FF9D200F5D63F /* PBXTargetDependency */ = {
			isa = PBXTargetDependency;
			target = AF10786A296FF9D000F5D63F /* Weather-App */;
			targetProxy = AF10787C296FF9D200F5D63F /* PBXContainerItemProxy */;
		};
		AF107887296FF9D200F5D63F /* PBXTargetDependency */ = {
			isa = PBXTargetDependency;
			target = AF10786A296FF9D000F5D63F /* Weather-App */;
			targetProxy = AF107886296FF9D200F5D63F /* PBXContainerItemProxy */;
		};
/* End PBXTargetDependency section */

/* Begin XCBuildConfiguration section */
		AF10788D296FF9D200F5D63F /* Debug */ = {
			isa = XCBuildConfiguration;
			buildSettings = {
				ALWAYS_SEARCH_USER_PATHS = NO;
				CLANG_ANALYZER_NONNULL = YES;
				CLANG_ANALYZER_NUMBER_OBJECT_CONVERSION = YES_AGGRESSIVE;
				CLANG_CXX_LANGUAGE_STANDARD = "gnu++20";
				CLANG_ENABLE_MODULES = YES;
				CLANG_ENABLE_OBJC_ARC = YES;
				CLANG_ENABLE_OBJC_WEAK = YES;
				CLANG_WARN_BLOCK_CAPTURE_AUTORELEASING = YES;
				CLANG_WARN_BOOL_CONVERSION = YES;
				CLANG_WARN_COMMA = YES;
				CLANG_WARN_CONSTANT_CONVERSION = YES;
				CLANG_WARN_DEPRECATED_OBJC_IMPLEMENTATIONS = YES;
				CLANG_WARN_DIRECT_OBJC_ISA_USAGE = YES_ERROR;
				CLANG_WARN_DOCUMENTATION_COMMENTS = YES;
				CLANG_WARN_EMPTY_BODY = YES;
				CLANG_WARN_ENUM_CONVERSION = YES;
				CLANG_WARN_INFINITE_RECURSION = YES;
				CLANG_WARN_INT_CONVERSION = YES;
				CLANG_WARN_NON_LITERAL_NULL_CONVERSION = YES;
				CLANG_WARN_OBJC_IMPLICIT_RETAIN_SELF = YES;
				CLANG_WARN_OBJC_LITERAL_CONVERSION = YES;
				CLANG_WARN_OBJC_ROOT_CLASS = YES_ERROR;
				CLANG_WARN_QUOTED_INCLUDE_IN_FRAMEWORK_HEADER = YES;
				CLANG_WARN_RANGE_LOOP_ANALYSIS = YES;
				CLANG_WARN_STRICT_PROTOTYPES = YES;
				CLANG_WARN_SUSPICIOUS_MOVE = YES;
				CLANG_WARN_UNGUARDED_AVAILABILITY = YES_AGGRESSIVE;
				CLANG_WARN_UNREACHABLE_CODE = YES;
				CLANG_WARN__DUPLICATE_METHOD_MATCH = YES;
				COPY_PHASE_STRIP = NO;
				DEBUG_INFORMATION_FORMAT = dwarf;
				ENABLE_STRICT_OBJC_MSGSEND = YES;
				ENABLE_TESTABILITY = YES;
				GCC_C_LANGUAGE_STANDARD = gnu11;
				GCC_DYNAMIC_NO_PIC = NO;
				GCC_NO_COMMON_BLOCKS = YES;
				GCC_OPTIMIZATION_LEVEL = 0;
				GCC_PREPROCESSOR_DEFINITIONS = (
					"DEBUG=1",
					"$(inherited)",
				);
				GCC_WARN_64_TO_32_BIT_CONVERSION = YES;
				GCC_WARN_ABOUT_RETURN_TYPE = YES_ERROR;
				GCC_WARN_UNDECLARED_SELECTOR = YES;
				GCC_WARN_UNINITIALIZED_AUTOS = YES_AGGRESSIVE;
				GCC_WARN_UNUSED_FUNCTION = YES;
				GCC_WARN_UNUSED_VARIABLE = YES;
				IPHONEOS_DEPLOYMENT_TARGET = 16.2;
				MTL_ENABLE_DEBUG_INFO = INCLUDE_SOURCE;
				MTL_FAST_MATH = YES;
				ONLY_ACTIVE_ARCH = YES;
				SDKROOT = iphoneos;
				SWIFT_ACTIVE_COMPILATION_CONDITIONS = DEBUG;
				SWIFT_OPTIMIZATION_LEVEL = "-Onone";
			};
			name = Debug;
		};
		AF10788E296FF9D200F5D63F /* Release */ = {
			isa = XCBuildConfiguration;
			buildSettings = {
				ALWAYS_SEARCH_USER_PATHS = NO;
				CLANG_ANALYZER_NONNULL = YES;
				CLANG_ANALYZER_NUMBER_OBJECT_CONVERSION = YES_AGGRESSIVE;
				CLANG_CXX_LANGUAGE_STANDARD = "gnu++20";
				CLANG_ENABLE_MODULES = YES;
				CLANG_ENABLE_OBJC_ARC = YES;
				CLANG_ENABLE_OBJC_WEAK = YES;
				CLANG_WARN_BLOCK_CAPTURE_AUTORELEASING = YES;
				CLANG_WARN_BOOL_CONVERSION = YES;
				CLANG_WARN_COMMA = YES;
				CLANG_WARN_CONSTANT_CONVERSION = YES;
				CLANG_WARN_DEPRECATED_OBJC_IMPLEMENTATIONS = YES;
				CLANG_WARN_DIRECT_OBJC_ISA_USAGE = YES_ERROR;
				CLANG_WARN_DOCUMENTATION_COMMENTS = YES;
				CLANG_WARN_EMPTY_BODY = YES;
				CLANG_WARN_ENUM_CONVERSION = YES;
				CLANG_WARN_INFINITE_RECURSION = YES;
				CLANG_WARN_INT_CONVERSION = YES;
				CLANG_WARN_NON_LITERAL_NULL_CONVERSION = YES;
				CLANG_WARN_OBJC_IMPLICIT_RETAIN_SELF = YES;
				CLANG_WARN_OBJC_LITERAL_CONVERSION = YES;
				CLANG_WARN_OBJC_ROOT_CLASS = YES_ERROR;
				CLANG_WARN_QUOTED_INCLUDE_IN_FRAMEWORK_HEADER = YES;
				CLANG_WARN_RANGE_LOOP_ANALYSIS = YES;
				CLANG_WARN_STRICT_PROTOTYPES = YES;
				CLANG_WARN_SUSPICIOUS_MOVE = YES;
				CLANG_WARN_UNGUARDED_AVAILABILITY = YES_AGGRESSIVE;
				CLANG_WARN_UNREACHABLE_CODE = YES;
				CLANG_WARN__DUPLICATE_METHOD_MATCH = YES;
				COPY_PHASE_STRIP = NO;
				DEBUG_INFORMATION_FORMAT = "dwarf-with-dsym";
				ENABLE_NS_ASSERTIONS = NO;
				ENABLE_STRICT_OBJC_MSGSEND = YES;
				GCC_C_LANGUAGE_STANDARD = gnu11;
				GCC_NO_COMMON_BLOCKS = YES;
				GCC_WARN_64_TO_32_BIT_CONVERSION = YES;
				GCC_WARN_ABOUT_RETURN_TYPE = YES_ERROR;
				GCC_WARN_UNDECLARED_SELECTOR = YES;
				GCC_WARN_UNINITIALIZED_AUTOS = YES_AGGRESSIVE;
				GCC_WARN_UNUSED_FUNCTION = YES;
				GCC_WARN_UNUSED_VARIABLE = YES;
				IPHONEOS_DEPLOYMENT_TARGET = 16.2;
				MTL_ENABLE_DEBUG_INFO = NO;
				MTL_FAST_MATH = YES;
				SDKROOT = iphoneos;
				SWIFT_COMPILATION_MODE = wholemodule;
				SWIFT_OPTIMIZATION_LEVEL = "-O";
				VALIDATE_PRODUCT = YES;
			};
			name = Release;
		};
		AF107890296FF9D200F5D63F /* Debug */ = {
			isa = XCBuildConfiguration;
			buildSettings = {
				ASSETCATALOG_COMPILER_APPICON_NAME = AppIcon;
				ASSETCATALOG_COMPILER_GLOBAL_ACCENT_COLOR_NAME = AccentColor;
				CODE_SIGN_STYLE = Automatic;
				CURRENT_PROJECT_VERSION = 1;
				DEVELOPMENT_ASSET_PATHS = "\"Weather-App/Preview Content\"";
				DEVELOPMENT_TEAM = NRPXHB6598;
				ENABLE_PREVIEWS = YES;
				GENERATE_INFOPLIST_FILE = YES;
				INFOPLIST_KEY_UIApplicationSceneManifest_Generation = YES;
				INFOPLIST_KEY_UIApplicationSupportsIndirectInputEvents = YES;
				INFOPLIST_KEY_UILaunchScreen_Generation = YES;
				INFOPLIST_KEY_UISupportedInterfaceOrientations_iPad = "UIInterfaceOrientationPortrait UIInterfaceOrientationPortraitUpsideDown UIInterfaceOrientationLandscapeLeft UIInterfaceOrientationLandscapeRight";
				INFOPLIST_KEY_UISupportedInterfaceOrientations_iPhone = "UIInterfaceOrientationPortrait UIInterfaceOrientationLandscapeLeft UIInterfaceOrientationLandscapeRight";
				LD_RUNPATH_SEARCH_PATHS = (
					"$(inherited)",
					"@executable_path/Frameworks",
				);
				MARKETING_VERSION = 1.0;
				PRODUCT_BUNDLE_IDENTIFIER = "lilacstudio.Weather-App";
				PRODUCT_NAME = "$(TARGET_NAME)";
				SWIFT_EMIT_LOC_STRINGS = YES;
				SWIFT_VERSION = 5.0;
				TARGETED_DEVICE_FAMILY = "1,2";
			};
			name = Debug;
		};
		AF107891296FF9D200F5D63F /* Release */ = {
			isa = XCBuildConfiguration;
			buildSettings = {
				ASSETCATALOG_COMPILER_APPICON_NAME = AppIcon;
				ASSETCATALOG_COMPILER_GLOBAL_ACCENT_COLOR_NAME = AccentColor;
				CODE_SIGN_STYLE = Automatic;
				CURRENT_PROJECT_VERSION = 1;
				DEVELOPMENT_ASSET_PATHS = "\"Weather-App/Preview Content\"";
				DEVELOPMENT_TEAM = NRPXHB6598;
				ENABLE_PREVIEWS = YES;
				GENERATE_INFOPLIST_FILE = YES;
				INFOPLIST_KEY_UIApplicationSceneManifest_Generation = YES;
				INFOPLIST_KEY_UIApplicationSupportsIndirectInputEvents = YES;
				INFOPLIST_KEY_UILaunchScreen_Generation = YES;
				INFOPLIST_KEY_UISupportedInterfaceOrientations_iPad = "UIInterfaceOrientationPortrait UIInterfaceOrientationPortraitUpsideDown UIInterfaceOrientationLandscapeLeft UIInterfaceOrientationLandscapeRight";
				INFOPLIST_KEY_UISupportedInterfaceOrientations_iPhone = "UIInterfaceOrientationPortrait UIInterfaceOrientationLandscapeLeft UIInterfaceOrientationLandscapeRight";
				LD_RUNPATH_SEARCH_PATHS = (
					"$(inherited)",
					"@executable_path/Frameworks",
				);
				MARKETING_VERSION = 1.0;
				PRODUCT_BUNDLE_IDENTIFIER = "lilacstudio.Weather-App";
				PRODUCT_NAME = "$(TARGET_NAME)";
				SWIFT_EMIT_LOC_STRINGS = YES;
				SWIFT_VERSION = 5.0;
				TARGETED_DEVICE_FAMILY = "1,2";
			};
			name = Release;
		};
		AF107893296FF9D200F5D63F /* Debug */ = {
			isa = XCBuildConfiguration;
			buildSettings = {
				ALWAYS_EMBED_SWIFT_STANDARD_LIBRARIES = YES;
				BUNDLE_LOADER = "$(TEST_HOST)";
				CODE_SIGN_STYLE = Automatic;
				CURRENT_PROJECT_VERSION = 1;
				DEVELOPMENT_TEAM = NRPXHB6598;
				GENERATE_INFOPLIST_FILE = YES;
				IPHONEOS_DEPLOYMENT_TARGET = 16.2;
				MARKETING_VERSION = 1.0;
				PRODUCT_BUNDLE_IDENTIFIER = "lilacstudio.Weather-AppTests";
				PRODUCT_NAME = "$(TARGET_NAME)";
				SWIFT_EMIT_LOC_STRINGS = NO;
				SWIFT_VERSION = 5.0;
				TARGETED_DEVICE_FAMILY = "1,2";
				TEST_HOST = "$(BUILT_PRODUCTS_DIR)/Weather-App.app/$(BUNDLE_EXECUTABLE_FOLDER_PATH)/Weather-App";
			};
			name = Debug;
		};
		AF107894296FF9D200F5D63F /* Release */ = {
			isa = XCBuildConfiguration;
			buildSettings = {
				ALWAYS_EMBED_SWIFT_STANDARD_LIBRARIES = YES;
				BUNDLE_LOADER = "$(TEST_HOST)";
				CODE_SIGN_STYLE = Automatic;
				CURRENT_PROJECT_VERSION = 1;
				DEVELOPMENT_TEAM = NRPXHB6598;
				GENERATE_INFOPLIST_FILE = YES;
				IPHONEOS_DEPLOYMENT_TARGET = 16.2;
				MARKETING_VERSION = 1.0;
				PRODUCT_BUNDLE_IDENTIFIER = "lilacstudio.Weather-AppTests";
				PRODUCT_NAME = "$(TARGET_NAME)";
				SWIFT_EMIT_LOC_STRINGS = NO;
				SWIFT_VERSION = 5.0;
				TARGETED_DEVICE_FAMILY = "1,2";
				TEST_HOST = "$(BUILT_PRODUCTS_DIR)/Weather-App.app/$(BUNDLE_EXECUTABLE_FOLDER_PATH)/Weather-App";
			};
			name = Release;
		};
		AF107896296FF9D200F5D63F /* Debug */ = {
			isa = XCBuildConfiguration;
			buildSettings = {
				ALWAYS_EMBED_SWIFT_STANDARD_LIBRARIES = YES;
				CODE_SIGN_STYLE = Automatic;
				CURRENT_PROJECT_VERSION = 1;
				DEVELOPMENT_TEAM = NRPXHB6598;
				GENERATE_INFOPLIST_FILE = YES;
				MARKETING_VERSION = 1.0;
				PRODUCT_BUNDLE_IDENTIFIER = "lilacstudio.Weather-AppUITests";
				PRODUCT_NAME = "$(TARGET_NAME)";
				SWIFT_EMIT_LOC_STRINGS = NO;
				SWIFT_VERSION = 5.0;
				TARGETED_DEVICE_FAMILY = "1,2";
				TEST_TARGET_NAME = "Weather-App";
			};
			name = Debug;
		};
		AF107897296FF9D200F5D63F /* Release */ = {
			isa = XCBuildConfiguration;
			buildSettings = {
				ALWAYS_EMBED_SWIFT_STANDARD_LIBRARIES = YES;
				CODE_SIGN_STYLE = Automatic;
				CURRENT_PROJECT_VERSION = 1;
				DEVELOPMENT_TEAM = NRPXHB6598;
				GENERATE_INFOPLIST_FILE = YES;
				MARKETING_VERSION = 1.0;
				PRODUCT_BUNDLE_IDENTIFIER = "lilacstudio.Weather-AppUITests";
				PRODUCT_NAME = "$(TARGET_NAME)";
				SWIFT_EMIT_LOC_STRINGS = NO;
				SWIFT_VERSION = 5.0;
				TARGETED_DEVICE_FAMILY = "1,2";
				TEST_TARGET_NAME = "Weather-App";
			};
			name = Release;
		};
/* End XCBuildConfiguration section */

/* Begin XCConfigurationList section */
		AF107866296FF9D000F5D63F /* Build configuration list for PBXProject "Weather-App" */ = {
			isa = XCConfigurationList;
			buildConfigurations = (
				AF10788D296FF9D200F5D63F /* Debug */,
				AF10788E296FF9D200F5D63F /* Release */,
			);
			defaultConfigurationIsVisible = 0;
			defaultConfigurationName = Release;
		};
		AF10788F296FF9D200F5D63F /* Build configuration list for PBXNativeTarget "Weather-App" */ = {
			isa = XCConfigurationList;
			buildConfigurations = (
				AF107890296FF9D200F5D63F /* Debug */,
				AF107891296FF9D200F5D63F /* Release */,
			);
			defaultConfigurationIsVisible = 0;
			defaultConfigurationName = Release;
		};
		AF107892296FF9D200F5D63F /* Build configuration list for PBXNativeTarget "Weather-AppTests" */ = {
			isa = XCConfigurationList;
			buildConfigurations = (
				AF107893296FF9D200F5D63F /* Debug */,
				AF107894296FF9D200F5D63F /* Release */,
			);
			defaultConfigurationIsVisible = 0;
			defaultConfigurationName = Release;
		};
		AF107895296FF9D200F5D63F /* Build configuration list for PBXNativeTarget "Weather-AppUITests" */ = {
			isa = XCConfigurationList;
			buildConfigurations = (
				AF107896296FF9D200F5D63F /* Debug */,
				AF107897296FF9D200F5D63F /* Release */,
			);
			defaultConfigurationIsVisible = 0;
			defaultConfigurationName = Release;
		};
/* End XCConfigurationList section */
	};
	rootObject = AF107863296FF9D000F5D63F /* Project object */;
}
